[[dependencies]]
name = "@openzeppelin-contracts"
version = "5.0.1"
url = "https://soldeer-revisions.s3.amazonaws.com/@openzeppelin-contracts/5_0_1_22-01-2024_13:14:01_contracts.zip"
checksum = "c256cbf6f5f38d3b65c7528bbffb530d0bdb818a20c9d5b61235a829202d7df7"
integrity = "0dabb06b7ce9a5fec6e97a174c230829260e5843d4f7e22931c51385f4ede155"

[[dependencies]]
name = "@openzeppelin-contracts-upgradeable"
version = "5.0.1"
url = "https://soldeer-revisions.s3.amazonaws.com/@openzeppelin-contracts-upgradeable/5_0_1_22-01-2024_13:15:10_contracts-upgradeable.zip"
checksum = "cca37ad1d376a5c3954d1c2a8d2675339f182eee535caa7ba7ebf8d589a2c19a"
integrity = "8dcff56e02def32b7cdb7f97b23a43ba7ac14459f5804a617d7d176c671ccd74"

[[dependencies]]
name = "forge-std"
version = "1.9.7"
url = "https://soldeer-revisions.s3.amazonaws.com/forge-std/1_9_7_28-04-2025_15:55:08_forge-std-1.9.zip"
checksum = "8d9e0a885fa8ee6429a4d344aeb6799119f6a94c7c4fe6f188df79b0dce294ba"
integrity = "9e60fdba82bc374df80db7f2951faff6467b9091873004a3d314cf0c084b3c7d"
